{
  "name": "Demo",
  "lockfileVersion": 2,
  "requires": true,
  "packages": {
    "": {
      "dependencies": {
        "scroll-snap": "^4.0.3"
      }
    },
    "node_modules/scroll-snap": {
      "version": "4.0.3",
      "resolved": "https://registry.npmjs.org/scroll-snap/-/scroll-snap-4.0.3.tgz",
      "integrity": "sha512-7am2JXqY/0jHN9+3b2zhZtm55NmzEQhZTXZBIdC/fVb6aVN5nonjbRpf+OghU9LhguJB+rq5ty9SmQcYzMvMxw=="
    }
  },
  "dependencies": {
    "scroll-snap": {
      "version": "4.0.3",
      "resolved": "https://registry.npmjs.org/scroll-snap/-/scroll-snap-4.0.3.tgz",
      "integrity": "sha512-7am2JXqY/0jHN9+3b2zhZtm55NmzEQhZTXZBIdC/fVb6aVN5nonjbRpf+OghU9LhguJB+rq5ty9SmQcYzMvMxw=="
    }
  }
}
